
Microsoft Visual Studio Solution File, Format Version 12.00
# Visual Studio 15
VisualStudioVersion = 15.0.27428.2037
MinimumVisualStudioVersion = 10.0.40219.1
Project("{FAE04EC0-301F-11D3-BF4B-00C04F79EFBC}") = "ProjectOrderFood", "ProjectOrderFood\ProjectOrderFood.csproj", "{5FBD4082-0E53-413D-8B11-5C3C35E40626}"
EndProject
Global
	GlobalSection(SolutionConfigurationPlatforms) = preSolution
		Debug|Any CPU = Debug|Any CPU
		Release|Any CPU = Release|Any CPU
	EndGlobalSection
	GlobalSection(ProjectConfigurationPlatforms) = postSolution
		{5FBD4082-0E53-413D-8B11-5C3C35E40626}.Debug|Any CPU.ActiveCfg = Debug|Any CPU
		{5FBD4082-0E53-413D-8B11-5C3C35E40626}.Debug|Any CPU.Build.0 = Debug|Any CPU
		{5FBD4082-0E53-413D-8B11-5C3C35E40626}.Release|Any CPU.ActiveCfg = Release|Any CPU
		{5FBD4082-0E53-413D-8B11-5C3C35E40626}.Release|Any CPU.Build.0 = Release|Any CPU
	EndGlobalSection
	GlobalSection(SolutionProperties) = preSolution
		HideSolutionNode = FALSE
	EndGlobalSection
	GlobalSection(ExtensibilityGlobals) = postSolution
		SolutionGuid = {6A600B9A-DCDD-45C9-9ED8-6E0EE3779843}
	EndGlobalSection
EndGlobal
